{
  "meteor": {},
  "dependencies": {
    "basePackages": {
      "accounts-ui-bootstrap-dropdown": {},
      "iron-router": {},
      "spin": {},
      "jquery-ui": {},
      "jquery-ui-bootstrap": {},
      "fontawesome4": {},
      "leaflet": {},
      "leaflet-search": {}
    },
    "packages": {
      "accounts-ui-bootstrap-dropdown": {
        "git": "https://github.com/erobit/meteor-accounts-ui-bootstrap-dropdown.git",
        "tag": "v0.8.3",
        "commit": "a7af8a52e4e74db020a69b158a8f992797b8b0b0"
      },
      "iron-router": {
        "git": "https://github.com/EventedMind/iron-router.git",
        "tag": "v0.7.1",
        "commit": "d1ffb3f06ea4c112132b030f2eb1a70b81675ecb"
      },
      "spin": {
        "git": "https://github.com/SachaG/meteor-spin.git",
        "tag": "v2.0.3",
        "commit": "23c1145472a710d5c93fa4beaca4e576caeb2f24"
      },
      "jquery-ui": {
        "git": "https://github.com/TimHeckel/meteor-jquery-ui.git",
        "tag": "v1.9.2",
        "commit": "c437d45edcf1367df8d5ffa8bad2867758030bd2"
      },
      "jquery-ui-bootstrap": {
        "git": "https://github.com/TimHeckel/meteor-jquery-ui-bootstrap.git",
        "tag": "v0.1.2",
        "commit": "fa742a85639307003e105898e15b631394b63509"
      },
      "fontawesome4": {
        "git": "https://github.com/chrismbeckett/meteor-fontawesome4.git",
        "tag": "v1.1.0",
        "commit": "7d2cb9119b7981b8f854b7051d302d4842311249"
      },
      "leaflet": {
        "git": "https://github.com/bevanhunt/meteor-leaflet.git",
        "tag": "v0.3.8",
        "commit": "84caaa2e8aac1c7f7b585a6b64163a1de406add4"
      },
      "leaflet-search": {
        "git": "https://github.com/stefanocudini/leaflet-search.git",
        "tag": "v1.5.3",
        "commit": "34c1c9c17b00aac44bb0b9c8eb0774fab6b1890a"
      },
      "blaze-layout": {
        "git": "https://github.com/EventedMind/blaze-layout.git",
        "tag": "v0.2.4",
        "commit": "b40e9b0612329288d75cf52ad14a7da64bb8618f"
      }
    }
  }
}
